
Microsoft Visual Studio Solution File, Format Version 12.00
# Visual Studio Version 16
VisualStudioVersion = 16.0.30907.101
MinimumVisualStudioVersion = 10.0.40219.1
Project("{FAE04EC0-301F-11D3-BF4B-00C04F79EFBC}") = "UFFS Calendar.Android", "UFFS Calendar\UFFS Calendar.Android\UFFS Calendar.Android.csproj", "{F017F124-376A-4186-87A1-41F95ACB72AD}"
EndProject
Project("{FAE04EC0-301F-11D3-BF4B-00C04F79EFBC}") = "UFFS Calendar.iOS", "UFFS Calendar\UFFS Calendar.iOS\UFFS Calendar.iOS.csproj", "{064050DA-C126-4ABC-AC78-11767A5CDC56}"
EndProject
Project("{FAE04EC0-301F-11D3-BF4B-00C04F79EFBC}") = "UFFS Calendar", "UFFS Calendar\UFFS Calendar\UFFS Calendar.csproj", "{ADC597A3-B22D-494A-8759-4D93892128AC}"
EndProject
Global
	GlobalSection(SolutionConfigurationPlatforms) = preSolution
		Debug|Any CPU = Debug|Any CPU
		Debug|iPhone = Debug|iPhone
		Debug|iPhoneSimulator = Debug|iPhoneSimulator
		Release|Any CPU = Release|Any CPU
		Release|iPhone = Release|iPhone
		Release|iPhoneSimulator = Release|iPhoneSimulator
	EndGlobalSection
	GlobalSection(ProjectConfigurationPlatforms) = postSolution
		{F017F124-376A-4186-87A1-41F95ACB72AD}.Debug|Any CPU.ActiveCfg = Debug|Any CPU
		{F017F124-376A-4186-87A1-41F95ACB72AD}.Debug|Any CPU.Build.0 = Debug|Any CPU
		{F017F124-376A-4186-87A1-41F95ACB72AD}.Debug|Any CPU.Deploy.0 = Debug|Any CPU
		{F017F124-376A-4186-87A1-41F95ACB72AD}.Debug|iPhone.ActiveCfg = Debug|Any CPU
		{F017F124-376A-4186-87A1-41F95ACB72AD}.Debug|iPhone.Build.0 = Debug|Any CPU
		{F017F124-376A-4186-87A1-41F95ACB72AD}.Debug|iPhone.Deploy.0 = Debug|Any CPU
		{F017F124-376A-4186-87A1-41F95ACB72AD}.Debug|iPhoneSimulator.ActiveCfg = Debug|Any CPU
		{F017F124-376A-4186-87A1-41F95ACB72AD}.Debug|iPhoneSimulator.Build.0 = Debug|Any CPU
		{F017F124-376A-4186-87A1-41F95ACB72AD}.Debug|iPhoneSimulator.Deploy.0 = Debug|Any CPU
		{F017F124-376A-4186-87A1-41F95ACB72AD}.Release|Any CPU.ActiveCfg = Release|Any CPU
		{F017F124-376A-4186-87A1-41F95ACB72AD}.Release|Any CPU.Build.0 = Release|Any CPU
		{F017F124-376A-4186-87A1-41F95ACB72AD}.Release|Any CPU.Deploy.0 = Release|Any CPU
		{F017F124-376A-4186-87A1-41F95ACB72AD}.Release|iPhone.ActiveCfg = Release|Any CPU
		{F017F124-376A-4186-87A1-41F95ACB72AD}.Release|iPhone.Build.0 = Release|Any CPU
		{F017F124-376A-4186-87A1-41F95ACB72AD}.Release|iPhone.Deploy.0 = Release|Any CPU
		{F017F124-376A-4186-87A1-41F95ACB72AD}.Release|iPhoneSimulator.ActiveCfg = Release|Any CPU
		{F017F124-376A-4186-87A1-41F95ACB72AD}.Release|iPhoneSimulator.Build.0 = Release|Any CPU
		{F017F124-376A-4186-87A1-41F95ACB72AD}.Release|iPhoneSimulator.Deploy.0 = Release|Any CPU
		{064050DA-C126-4ABC-AC78-11767A5CDC56}.Debug|Any CPU.ActiveCfg = Debug|iPhone
		{064050DA-C126-4ABC-AC78-11767A5CDC56}.Debug|Any CPU.Build.0 = Debug|iPhone
		{064050DA-C126-4ABC-AC78-11767A5CDC56}.Debug|Any CPU.Deploy.0 = Debug|iPhone
		{064050DA-C126-4ABC-AC78-11767A5CDC56}.Debug|iPhone.ActiveCfg = Debug|iPhone
		{064050DA-C126-4ABC-AC78-11767A5CDC56}.Debug|iPhone.Build.0 = Debug|iPhone
		{064050DA-C126-4ABC-AC78-11767A5CDC56}.Debug|iPhone.Deploy.0 = Debug|iPhone
		{064050DA-C126-4ABC-AC78-11767A5CDC56}.Debug|iPhoneSimulator.ActiveCfg = Debug|iPhoneSimulator
		{064050DA-C126-4ABC-AC78-11767A5CDC56}.Debug|iPhoneSimulator.Build.0 = Debug|iPhoneSimulator
		{064050DA-C126-4ABC-AC78-11767A5CDC56}.Debug|iPhoneSimulator.Deploy.0 = Debug|iPhoneSimulator
		{064050DA-C126-4ABC-AC78-11767A5CDC56}.Release|Any CPU.ActiveCfg = Release|iPhoneSimulator
		{064050DA-C126-4ABC-AC78-11767A5CDC56}.Release|Any CPU.Build.0 = Release|iPhoneSimulator
		{064050DA-C126-4ABC-AC78-11767A5CDC56}.Release|Any CPU.Deploy.0 = Release|iPhoneSimulator
		{064050DA-C126-4ABC-AC78-11767A5CDC56}.Release|iPhone.ActiveCfg = Release|iPhone
		{064050DA-C126-4ABC-AC78-11767A5CDC56}.Release|iPhone.Build.0 = Release|iPhone
		{064050DA-C126-4ABC-AC78-11767A5CDC56}.Release|iPhone.Deploy.0 = Release|iPhone
		{064050DA-C126-4ABC-AC78-11767A5CDC56}.Release|iPhoneSimulator.ActiveCfg = Release|iPhoneSimulator
		{064050DA-C126-4ABC-AC78-11767A5CDC56}.Release|iPhoneSimulator.Build.0 = Release|iPhoneSimulator
		{064050DA-C126-4ABC-AC78-11767A5CDC56}.Release|iPhoneSimulator.Deploy.0 = Release|iPhoneSimulator
		{ADC597A3-B22D-494A-8759-4D93892128AC}.Debug|Any CPU.ActiveCfg = Debug|Any CPU
		{ADC597A3-B22D-494A-8759-4D93892128AC}.Debug|Any CPU.Build.0 = Debug|Any CPU
		{ADC597A3-B22D-494A-8759-4D93892128AC}.Debug|Any CPU.Deploy.0 = Debug|Any CPU
		{ADC597A3-B22D-494A-8759-4D93892128AC}.Debug|iPhone.ActiveCfg = Debug|Any CPU
		{ADC597A3-B22D-494A-8759-4D93892128AC}.Debug|iPhone.Build.0 = Debug|Any CPU
		{ADC597A3-B22D-494A-8759-4D93892128AC}.Debug|iPhone.Deploy.0 = Debug|Any CPU
		{ADC597A3-B22D-494A-8759-4D93892128AC}.Debug|iPhoneSimulator.ActiveCfg = Debug|Any CPU
		{ADC597A3-B22D-494A-8759-4D93892128AC}.Debug|iPhoneSimulator.Build.0 = Debug|Any CPU
		{ADC597A3-B22D-494A-8759-4D93892128AC}.Debug|iPhoneSimulator.Deploy.0 = Debug|Any CPU
		{ADC597A3-B22D-494A-8759-4D93892128AC}.Release|Any CPU.ActiveCfg = Release|Any CPU
		{ADC597A3-B22D-494A-8759-4D93892128AC}.Release|Any CPU.Build.0 = Release|Any CPU
		{ADC597A3-B22D-494A-8759-4D93892128AC}.Release|Any CPU.Deploy.0 = Release|Any CPU
		{ADC597A3-B22D-494A-8759-4D93892128AC}.Release|iPhone.ActiveCfg = Release|Any CPU
		{ADC597A3-B22D-494A-8759-4D93892128AC}.Release|iPhone.Build.0 = Release|Any CPU
		{ADC597A3-B22D-494A-8759-4D93892128AC}.Release|iPhone.Deploy.0 = Release|Any CPU
		{ADC597A3-B22D-494A-8759-4D93892128AC}.Release|iPhoneSimulator.ActiveCfg = Release|Any CPU
		{ADC597A3-B22D-494A-8759-4D93892128AC}.Release|iPhoneSimulator.Build.0 = Release|Any CPU
		{ADC597A3-B22D-494A-8759-4D93892128AC}.Release|iPhoneSimulator.Deploy.0 = Release|Any CPU
	EndGlobalSection
	GlobalSection(SolutionProperties) = preSolution
		HideSolutionNode = FALSE
	EndGlobalSection
	GlobalSection(ExtensibilityGlobals) = postSolution
		SolutionGuid = {EF9790C7-64D2-4DE4-831B-B06BE3A86C5B}
	EndGlobalSection
EndGlobal
